// !$*UTF8*$!
{
	archiveVersion = 1;
	classes = {
	};
	objectVersion = 46;
	objects = {

/* Begin PBXBuildFile section */
		D934203B1C665CFA00094D45 /* AlarmViewController.m in Sources */ = {isa = PBXBuildFile; fileRef = D934203A1C665CFA00094D45 /* AlarmViewController.m */; };
		D9B6D5B61C1DC5F200506C5B /* main.m in Sources */ = {isa = PBXBuildFile; fileRef = D9B6D5B51C1DC5F200506C5B /* main.m */; };
		D9B6D5B91C1DC5F200506C5B /* AppDelegate.m in Sources */ = {isa = PBXBuildFile; fileRef = D9B6D5B81C1DC5F200506C5B /* AppDelegate.m */; };
		D9B6D5C41C1DC5F200506C5B /* Assets.xcassets in Resources */ = {isa = PBXBuildFile; fileRef = D9B6D5C31C1DC5F200506C5B /* Assets.xcassets */; };
		D9B6D5C71C1DC5F200506C5B /* LaunchScreen.storyboard in Resources */ = {isa = PBXBuildFile; fileRef = D9B6D5C51C1DC5F200506C5B /* LaunchScreen.storyboard */; };
		D9B6D5D21C1DC5F200506C5B /* AlarmPlusPlusTests.m in Sources */ = {isa = PBXBuildFile; fileRef = D9B6D5D11C1DC5F200506C5B /* AlarmPlusPlusTests.m */; };
		D9B6D5DD1C1DC5F200506C5B /* AlarmPlusPlusUITests.m in Sources */ = {isa = PBXBuildFile; fileRef = D9B6D5DC1C1DC5F200506C5B /* AlarmPlusPlusUITests.m */; };
		D9B6D5EF1C1F091D00506C5B /* AlarmOverviewViewController.m in Sources */ = {isa = PBXBuildFile; fileRef = D9B6D5EE1C1F091D00506C5B /* AlarmOverviewViewController.m */; };
		D9B6D5F21C1F0C4500506C5B /* AlarmCellTableViewCell.m in Sources */ = {isa = PBXBuildFile; fileRef = D9B6D5F11C1F0C4500506C5B /* AlarmCellTableViewCell.m */; };
		D9F6DD271C20652B0079B212 /* Main.storyboard in Resources */ = {isa = PBXBuildFile; fileRef = D9F6DD261C20652B0079B212 /* Main.storyboard */; };
		D9F6DD2A1C21CC100079B212 /* StatisticsTableViewController.m in Sources */ = {isa = PBXBuildFile; fileRef = D9F6DD291C21CC100079B212 /* StatisticsTableViewController.m */; };
		D9F6DD2D1C21CCB60079B212 /* Statistic.m in Sources */ = {isa = PBXBuildFile; fileRef = D9F6DD2C1C21CCB60079B212 /* Statistic.m */; };
		D9F6DD301C416C790079B212 /* Alarm.m in Sources */ = {isa = PBXBuildFile; fileRef = D9F6DD2F1C416C790079B212 /* Alarm.m */; };
		D9F6DD331C416E2F0079B212 /* AlarmAddViewController.m in Sources */ = {isa = PBXBuildFile; fileRef = D9F6DD321C416E2F0079B212 /* AlarmAddViewController.m */; };
		D9F6DD361C42C0B00079B212 /* PickAlarmsoundViewController.m in Sources */ = {isa = PBXBuildFile; fileRef = D9F6DD351C42C0B00079B212 /* PickAlarmsoundViewController.m */; };
/* End PBXBuildFile section */

/* Begin PBXContainerItemProxy section */
		D9B6D5CE1C1DC5F200506C5B /* PBXContainerItemProxy */ = {
			isa = PBXContainerItemProxy;
			containerPortal = D9B6D5A91C1DC5F200506C5B /* Project object */;
			proxyType = 1;
			remoteGlobalIDString = D9B6D5B01C1DC5F200506C5B;
			remoteInfo = AlarmPlusPlus;
		};
		D9B6D5D91C1DC5F200506C5B /* PBXContainerItemProxy */ = {
			isa = PBXContainerItemProxy;
			containerPortal = D9B6D5A91C1DC5F200506C5B /* Project object */;
			proxyType = 1;
			remoteGlobalIDString = D9B6D5B01C1DC5F200506C5B;
			remoteInfo = AlarmPlusPlus;
		};
/* End PBXContainerItemProxy section */

/* Begin PBXFileReference section */
		D93420391C665CFA00094D45 /* AlarmViewController.h */ = {isa = PBXFileReference; fileEncoding = 4; lastKnownFileType = sourcecode.c.h; path = AlarmViewController.h; sourceTree = "<group>"; };
		D934203A1C665CFA00094D45 /* AlarmViewController.m */ = {isa = PBXFileReference; fileEncoding = 4; lastKnownFileType = sourcecode.c.objc; path = AlarmViewController.m; sourceTree = "<group>"; };
		D9B6D5B11C1DC5F200506C5B /* AlarmPlusPlus.app */ = {isa = PBXFileReference; explicitFileType = wrapper.application; includeInIndex = 0; path = AlarmPlusPlus.app; sourceTree = BUILT_PRODUCTS_DIR; };
		D9B6D5B51C1DC5F200506C5B /* main.m */ = {isa = PBXFileReference; lastKnownFileType = sourcecode.c.objc; path = main.m; sourceTree = "<group>"; };
		D9B6D5B71C1DC5F200506C5B /* AppDelegate.h */ = {isa = PBXFileReference; lastKnownFileType = sourcecode.c.h; path = AppDelegate.h; sourceTree = "<group>"; };
		D9B6D5B81C1DC5F200506C5B /* AppDelegate.m */ = {isa = PBXFileReference; lastKnownFileType = sourcecode.c.objc; path = AppDelegate.m; sourceTree = "<group>"; };
		D9B6D5C31C1DC5F200506C5B /* Assets.xcassets */ = {isa = PBXFileReference; lastKnownFileType = folder.assetcatalog; path = Assets.xcassets; sourceTree = "<group>"; };
		D9B6D5C61C1DC5F200506C5B /* Base */ = {isa = PBXFileReference; lastKnownFileType = file.storyboard; name = Base; path = Base.lproj/LaunchScreen.storyboard; sourceTree = "<group>"; };
		D9B6D5C81C1DC5F200506C5B /* Info.plist */ = {isa = PBXFileReference; lastKnownFileType = text.plist.xml; path = Info.plist; sourceTree = "<group>"; };
		D9B6D5CD1C1DC5F200506C5B /* AlarmPlusPlusTests.xctest */ = {isa = PBXFileReference; explicitFileType = wrapper.cfbundle; includeInIndex = 0; path = AlarmPlusPlusTests.xctest; sourceTree = BUILT_PRODUCTS_DIR; };
		D9B6D5D11C1DC5F200506C5B /* AlarmPlusPlusTests.m */ = {isa = PBXFileReference; lastKnownFileType = sourcecode.c.objc; path = AlarmPlusPlusTests.m; sourceTree = "<group>"; };
		D9B6D5D31C1DC5F200506C5B /* Info.plist */ = {isa = PBXFileReference; lastKnownFileType = text.plist.xml; path = Info.plist; sourceTree = "<group>"; };
		D9B6D5D81C1DC5F200506C5B /* AlarmPlusPlusUITests.xctest */ = {isa = PBXFileReference; explicitFileType = wrapper.cfbundle; includeInIndex = 0; path = AlarmPlusPlusUITests.xctest; sourceTree = BUILT_PRODUCTS_DIR; };
		D9B6D5DC1C1DC5F200506C5B /* AlarmPlusPlusUITests.m */ = {isa = PBXFileReference; lastKnownFileType = sourcecode.c.objc; path = AlarmPlusPlusUITests.m; sourceTree = "<group>"; };
		D9B6D5DE1C1DC5F200506C5B /* Info.plist */ = {isa = PBXFileReference; lastKnownFileType = text.plist.xml; path = Info.plist; sourceTree = "<group>"; };
		D9B6D5ED1C1F091D00506C5B /* AlarmOverviewViewController.h */ = {isa = PBXFileReference; fileEncoding = 4; lastKnownFileType = sourcecode.c.h; name = AlarmOverviewViewController.h; path = ../AlarmOverviewViewController.h; sourceTree = "<group>"; };
		D9B6D5EE1C1F091D00506C5B /* AlarmOverviewViewController.m */ = {isa = PBXFileReference; fileEncoding = 4; lastKnownFileType = sourcecode.c.objc; name = AlarmOverviewViewController.m; path = ../AlarmOverviewViewController.m; sourceTree = "<group>"; };
		D9B6D5F01C1F0C4500506C5B /* AlarmCellTableViewCell.h */ = {isa = PBXFileReference; fileEncoding = 4; lastKnownFileType = sourcecode.c.h; name = AlarmCellTableViewCell.h; path = ../AlarmCellTableViewCell.h; sourceTree = "<group>"; };
		D9B6D5F11C1F0C4500506C5B /* AlarmCellTableViewCell.m */ = {isa = PBXFileReference; fileEncoding = 4; lastKnownFileType = sourcecode.c.objc; name = AlarmCellTableViewCell.m; path = ../AlarmCellTableViewCell.m; sourceTree = "<group>"; };
		D9F6DD261C20652B0079B212 /* Main.storyboard */ = {isa = PBXFileReference; fileEncoding = 4; lastKnownFileType = file.storyboard; name = Main.storyboard; path = ../../../.Trash/Main.storyboard; sourceTree = "<group>"; };
		D9F6DD281C21CC100079B212 /* StatisticsTableViewController.h */ = {isa = PBXFileReference; fileEncoding = 4; lastKnownFileType = sourcecode.c.h; path = StatisticsTableViewController.h; sourceTree = "<group>"; };
		D9F6DD291C21CC100079B212 /* StatisticsTableViewController.m */ = {isa = PBXFileReference; fileEncoding = 4; lastKnownFileType = sourcecode.c.objc; path = StatisticsTableViewController.m; sourceTree = "<group>"; };
		D9F6DD2B1C21CCB60079B212 /* Statistic.h */ = {isa = PBXFileReference; fileEncoding = 4; lastKnownFileType = sourcecode.c.h; name = Statistic.h; path = ../Statistic.h; sourceTree = "<group>"; };
		D9F6DD2C1C21CCB60079B212 /* Statistic.m */ = {isa = PBXFileReference; fileEncoding = 4; lastKnownFileType = sourcecode.c.objc; name = Statistic.m; path = ../Statistic.m; sourceTree = "<group>"; };
		D9F6DD2E1C416C790079B212 /* Alarm.h */ = {isa = PBXFileReference; fileEncoding = 4; lastKnownFileType = sourcecode.c.h; path = Alarm.h; sourceTree = "<group>"; };
		D9F6DD2F1C416C790079B212 /* Alarm.m */ = {isa = PBXFileReference; fileEncoding = 4; lastKnownFileType = sourcecode.c.objc; path = Alarm.m; sourceTree = "<group>"; };
		D9F6DD311C416E2F0079B212 /* AlarmAddViewController.h */ = {isa = PBXFileReference; fileEncoding = 4; lastKnownFileType = sourcecode.c.h; path = AlarmAddViewController.h; sourceTree = "<group>"; };
		D9F6DD321C416E2F0079B212 /* AlarmAddViewController.m */ = {isa = PBXFileReference; fileEncoding = 4; lastKnownFileType = sourcecode.c.objc; path = AlarmAddViewController.m; sourceTree = "<group>"; };
		D9F6DD341C42C0B00079B212 /* PickAlarmsoundViewController.h */ = {isa = PBXFileReference; fileEncoding = 4; lastKnownFileType = sourcecode.c.h; path = PickAlarmsoundViewController.h; sourceTree = "<group>"; };
		D9F6DD351C42C0B00079B212 /* PickAlarmsoundViewController.m */ = {isa = PBXFileReference; fileEncoding = 4; lastKnownFileType = sourcecode.c.objc; path = PickAlarmsoundViewController.m; sourceTree = "<group>"; };
/* End PBXFileReference section */

/* Begin PBXFrameworksBuildPhase section */
		D9B6D5AE1C1DC5F200506C5B /* Frameworks */ = {
			isa = PBXFrameworksBuildPhase;
			buildActionMask = 2147483647;
			files = (
			);
			runOnlyForDeploymentPostprocessing = 0;
		};
		D9B6D5CA1C1DC5F200506C5B /* Frameworks */ = {
			isa = PBXFrameworksBuildPhase;
			buildActionMask = 2147483647;
			files = (
			);
			runOnlyForDeploymentPostprocessing = 0;
		};
		D9B6D5D51C1DC5F200506C5B /* Frameworks */ = {
			isa = PBXFrameworksBuildPhase;
			buildActionMask = 2147483647;
			files = (
			);
			runOnlyForDeploymentPostprocessing = 0;
		};
/* End PBXFrameworksBuildPhase section */

/* Begin PBXGroup section */
		D9B6D5A81C1DC5F200506C5B = {
			isa = PBXGroup;
			children = (
				D9B6D5B31C1DC5F200506C5B /* AlarmPlusPlus */,
				D9B6D5D01C1DC5F200506C5B /* AlarmPlusPlusTests */,
				D9B6D5DB1C1DC5F200506C5B /* AlarmPlusPlusUITests */,
				D9B6D5B21C1DC5F200506C5B /* Products */,
			);
			sourceTree = "<group>";
		};
		D9B6D5B21C1DC5F200506C5B /* Products */ = {
			isa = PBXGroup;
			children = (
				D9B6D5B11C1DC5F200506C5B /* AlarmPlusPlus.app */,
				D9B6D5CD1C1DC5F200506C5B /* AlarmPlusPlusTests.xctest */,
				D9B6D5D81C1DC5F200506C5B /* AlarmPlusPlusUITests.xctest */,
			);
			name = Products;
			sourceTree = "<group>";
		};
		D9B6D5B31C1DC5F200506C5B /* AlarmPlusPlus */ = {
			isa = PBXGroup;
			children = (
				D9B6D5ED1C1F091D00506C5B /* AlarmOverviewViewController.h */,
				D9B6D5EE1C1F091D00506C5B /* AlarmOverviewViewController.m */,
				D9B6D5F01C1F0C4500506C5B /* AlarmCellTableViewCell.h */,
				D9B6D5F11C1F0C4500506C5B /* AlarmCellTableViewCell.m */,
				D9F6DD311C416E2F0079B212 /* AlarmAddViewController.h */,
				D9F6DD321C416E2F0079B212 /* AlarmAddViewController.m */,
				D9F6DD341C42C0B00079B212 /* PickAlarmsoundViewController.h */,
				D9F6DD351C42C0B00079B212 /* PickAlarmsoundViewController.m */,
				D93420391C665CFA00094D45 /* AlarmViewController.h */,
				D934203A1C665CFA00094D45 /* AlarmViewController.m */,
				D9F6DD2E1C416C790079B212 /* Alarm.h */,
				D9F6DD2F1C416C790079B212 /* Alarm.m */,
				D9F6DD2B1C21CCB60079B212 /* Statistic.h */,
				D9F6DD2C1C21CCB60079B212 /* Statistic.m */,
				D9F6DD281C21CC100079B212 /* StatisticsTableViewController.h */,
				D9F6DD291C21CC100079B212 /* StatisticsTableViewController.m */,
				D9F6DD261C20652B0079B212 /* Main.storyboard */,
				D9B6D5B71C1DC5F200506C5B /* AppDelegate.h */,
				D9B6D5B81C1DC5F200506C5B /* AppDelegate.m */,
				D9B6D5C31C1DC5F200506C5B /* Assets.xcassets */,
				D9B6D5C51C1DC5F200506C5B /* LaunchScreen.storyboard */,
				D9B6D5C81C1DC5F200506C5B /* Info.plist */,
				D9B6D5B41C1DC5F200506C5B /* Supporting Files */,
			);
			path = AlarmPlusPlus;
			sourceTree = "<group>";
		};
		D9B6D5B41C1DC5F200506C5B /* Supporting Files */ = {
			isa = PBXGroup;
			children = (
				D9B6D5B51C1DC5F200506C5B /* main.m */,
			);
			name = "Supporting Files";
			sourceTree = "<group>";
		};
		D9B6D5D01C1DC5F200506C5B /* AlarmPlusPlusTests */ = {
			isa = PBXGroup;
			children = (
				D9B6D5D11C1DC5F200506C5B /* AlarmPlusPlusTests.m */,
				D9B6D5D31C1DC5F200506C5B /* Info.plist */,
			);
			path = AlarmPlusPlusTests;
			sourceTree = "<group>";
		};
		D9B6D5DB1C1DC5F200506C5B /* AlarmPlusPlusUITests */ = {
			isa = PBXGroup;
			children = (
				D9B6D5DC1C1DC5F200506C5B /* AlarmPlusPlusUITests.m */,
				D9B6D5DE1C1DC5F200506C5B /* Info.plist */,
			);
			path = AlarmPlusPlusUITests;
			sourceTree = "<group>";
		};
/* End PBXGroup section */

/* Begin PBXNativeTarget section */
		D9B6D5B01C1DC5F200506C5B /* AlarmPlusPlus */ = {
			isa = PBXNativeTarget;
			buildConfigurationList = D9B6D5E11C1DC5F200506C5B /* Build configuration list for PBXNativeTarget "AlarmPlusPlus" */;
			buildPhases = (
				D9B6D5AD1C1DC5F200506C5B /* Sources */,
				D9B6D5AE1C1DC5F200506C5B /* Frameworks */,
				D9B6D5AF1C1DC5F200506C5B /* Resources */,
			);
			buildRules = (
			);
			dependencies = (
			);
			name = AlarmPlusPlus;
			productName = AlarmPlusPlus;
			productReference = D9B6D5B11C1DC5F200506C5B /* AlarmPlusPlus.app */;
			productType = "com.apple.product-type.application";
		};
		D9B6D5CC1C1DC5F200506C5B /* AlarmPlusPlusTests */ = {
			isa = PBXNativeTarget;
			buildConfigurationList = D9B6D5E41C1DC5F200506C5B /* Build configuration list for PBXNativeTarget "AlarmPlusPlusTests" */;
			buildPhases = (
				D9B6D5C91C1DC5F200506C5B /* Sources */,
				D9B6D5CA1C1DC5F200506C5B /* Frameworks */,
				D9B6D5CB1C1DC5F200506C5B /* Resources */,
			);
			buildRules = (
			);
			dependencies = (
				D9B6D5CF1C1DC5F200506C5B /* PBXTargetDependency */,
			);
			name = AlarmPlusPlusTests;
			productName = AlarmPlusPlusTests;
			productReference = D9B6D5CD1C1DC5F200506C5B /* AlarmPlusPlusTests.xctest */;
			productType = "com.apple.product-type.bundle.unit-test";
		};
		D9B6D5D71C1DC5F200506C5B /* AlarmPlusPlusUITests */ = {
			isa = PBXNativeTarget;
			buildConfigurationList = D9B6D5E71C1DC5F200506C5B /* Build configuration list for PBXNativeTarget "AlarmPlusPlusUITests" */;
			buildPhases = (
				D9B6D5D41C1DC5F200506C5B /* Sources */,
				D9B6D5D51C1DC5F200506C5B /* Frameworks */,
				D9B6D5D61C1DC5F200506C5B /* Resources */,
			);
			buildRules = (
			);
			dependencies = (
				D9B6D5DA1C1DC5F200506C5B /* PBXTargetDependency */,
			);
			name = AlarmPlusPlusUITests;
			productName = AlarmPlusPlusUITests;
			productReference = D9B6D5D81C1DC5F200506C5B /* AlarmPlusPlusUITests.xctest */;
			productType = "com.apple.product-type.bundle.ui-testing";
		};
/* End PBXNativeTarget section */

/* Begin PBXProject section */
		D9B6D5A91C1DC5F200506C5B /* Project object */ = {
			isa = PBXProject;
			attributes = {
				LastUpgradeCheck = 0720;
				ORGANIZATIONNAME = "Marc Neveling";
				TargetAttributes = {
					D9B6D5B01C1DC5F200506C5B = {
						CreatedOnToolsVersion = 7.2;
					};
					D9B6D5CC1C1DC5F200506C5B = {
						CreatedOnToolsVersion = 7.2;
						TestTargetID = D9B6D5B01C1DC5F200506C5B;
					};
					D9B6D5D71C1DC5F200506C5B = {
						CreatedOnToolsVersion = 7.2;
						TestTargetID = D9B6D5B01C1DC5F200506C5B;
					};
				};
			};
			buildConfigurationList = D9B6D5AC1C1DC5F200506C5B /* Build configuration list for PBXProject "AlarmPlusPlus" */;
			compatibilityVersion = "Xcode 3.2";
			developmentRegion = English;
			hasScannedForEncodings = 0;
			knownRegions = (
				en,
				Base,
			);
			mainGroup = D9B6D5A81C1DC5F200506C5B;
			productRefGroup = D9B6D5B21C1DC5F200506C5B /* Products */;
			projectDirPath = "";
			projectRoot = "";
			targets = (
				D9B6D5B01C1DC5F200506C5B /* AlarmPlusPlus */,
				D9B6D5CC1C1DC5F200506C5B /* AlarmPlusPlusTests */,
				D9B6D5D71C1DC5F200506C5B /* AlarmPlusPlusUITests */,
			);
		};
/* End PBXProject section */

/* Begin PBXResourcesBuildPhase section */
		D9B6D5AF1C1DC5F200506C5B /* Resources */ = {
			isa = PBXResourcesBuildPhase;
			buildActionMask = 2147483647;
			files = (
				D9F6DD271C20652B0079B212 /* Main.storyboard in Resources */,
				D9B6D5C71C1DC5F200506C5B /* LaunchScreen.storyboard in Resources */,
				D9B6D5C41C1DC5F200506C5B /* Assets.xcassets in Resources */,
			);
			runOnlyForDeploymentPostprocessing = 0;
		};
		D9B6D5CB1C1DC5F200506C5B /* Resources */ = {
			isa = PBXResourcesBuildPhase;
			buildActionMask = 2147483647;
			files = (
			);
			runOnlyForDeploymentPostprocessing = 0;
		};
		D9B6D5D61C1DC5F200506C5B /* Resources */ = {
			isa = PBXResourcesBuildPhase;
			buildActionMask = 2147483647;
			files = (
			);
			runOnlyForDeploymentPostprocessing = 0;
		};
/* End PBXResourcesBuildPhase section */

/* Begin PBXSourcesBuildPhase section */
		D9B6D5AD1C1DC5F200506C5B /* Sources */ = {
			isa = PBXSourcesBuildPhase;
			buildActionMask = 2147483647;
			files = (
				D9F6DD331C416E2F0079B212 /* AlarmAddViewController.m in Sources */,
				D9B6D5B91C1DC5F200506C5B /* AppDelegate.m in Sources */,
				D9F6DD301C416C790079B212 /* Alarm.m in Sources */,
				D9B6D5F21C1F0C4500506C5B /* AlarmCellTableViewCell.m in Sources */,
				D9F6DD361C42C0B00079B212 /* PickAlarmsoundViewController.m in Sources */,
				D9B6D5EF1C1F091D00506C5B /* AlarmOverviewViewController.m in Sources */,
				D934203B1C665CFA00094D45 /* AlarmViewController.m in Sources */,
				D9F6DD2A1C21CC100079B212 /* StatisticsTableViewController.m in Sources */,
				D9F6DD2D1C21CCB60079B212 /* Statistic.m in Sources */,
				D9B6D5B61C1DC5F200506C5B /* main.m in Sources */,
			);
			runOnlyForDeploymentPostprocessing = 0;
		};
		D9B6D5C91C1DC5F200506C5B /* Sources */ = {
			isa = PBXSourcesBuildPhase;
			buildActionMask = 2147483647;
			files = (
				D9B6D5D21C1DC5F200506C5B /* AlarmPlusPlusTests.m in Sources */,
			);
			runOnlyForDeploymentPostprocessing = 0;
		};
		D9B6D5D41C1DC5F200506C5B /* Sources */ = {
			isa = PBXSourcesBuildPhase;
			buildActionMask = 2147483647;
			files = (
				D9B6D5DD1C1DC5F200506C5B /* AlarmPlusPlusUITests.m in Sources */,
			);
			runOnlyForDeploymentPostprocessing = 0;
		};
/* End PBXSourcesBuildPhase section */

/* Begin PBXTargetDependency section */
		D9B6D5CF1C1DC5F200506C5B /* PBXTargetDependency */ = {
			isa = PBXTargetDependency;
			target = D9B6D5B01C1DC5F200506C5B /* AlarmPlusPlus */;
			targetProxy = D9B6D5CE1C1DC5F200506C5B /* PBXContainerItemProxy */;
		};
		D9B6D5DA1C1DC5F200506C5B /* PBXTargetDependency */ = {
			isa = PBXTargetDependency;
			target = D9B6D5B01C1DC5F200506C5B /* AlarmPlusPlus */;
			targetProxy = D9B6D5D91C1DC5F200506C5B /* PBXContainerItemProxy */;
		};
/* End PBXTargetDependency section */

/* Begin PBXVariantGroup section */
		D9B6D5C51C1DC5F200506C5B /* LaunchScreen.storyboard */ = {
			isa = PBXVariantGroup;
			children = (
				D9B6D5C61C1DC5F200506C5B /* Base */,
			);
			name = LaunchScreen.storyboard;
			sourceTree = "<group>";
		};
/* End PBXVariantGroup section */

/* Begin XCBuildConfiguration section */
		D9B6D5DF1C1DC5F200506C5B /* Debug */ = {
			isa = XCBuildConfiguration;
			buildSettings = {
				ALWAYS_SEARCH_USER_PATHS = NO;
				CLANG_CXX_LANGUAGE_STANDARD = "gnu++0x";
				CLANG_CXX_LIBRARY = "libc++";
				CLANG_ENABLE_MODULES = YES;
				CLANG_ENABLE_OBJC_ARC = YES;
				CLANG_WARN_BOOL_CONVERSION = YES;
				CLANG_WARN_CONSTANT_CONVERSION = YES;
				CLANG_WARN_DIRECT_OBJC_ISA_USAGE = YES_ERROR;
				CLANG_WARN_EMPTY_BODY = YES;
				CLANG_WARN_ENUM_CONVERSION = YES;
				CLANG_WARN_INT_CONVERSION = YES;
				CLANG_WARN_OBJC_ROOT_CLASS = YES_ERROR;
				CLANG_WARN_UNREACHABLE_CODE = YES;
				CLANG_WARN__DUPLICATE_METHOD_MATCH = YES;
				"CODE_SIGN_IDENTITY[sdk=iphoneos*]" = "iPhone Developer";
				COPY_PHASE_STRIP = NO;
				DEBUG_INFORMATION_FORMAT = dwarf;
				ENABLE_STRICT_OBJC_MSGSEND = YES;
				ENABLE_TESTABILITY = YES;
				GCC_C_LANGUAGE_STANDARD = gnu99;
				GCC_DYNAMIC_NO_PIC = NO;
				GCC_NO_COMMON_BLOCKS = YES;
				GCC_OPTIMIZATION_LEVEL = 0;
				GCC_PREPROCESSOR_DEFINITIONS = (
					"DEBUG=1",
					"$(inherited)",
				);
				GCC_WARN_64_TO_32_BIT_CONVERSION = YES;
				GCC_WARN_ABOUT_RETURN_TYPE = YES_ERROR;
				GCC_WARN_UNDECLARED_SELECTOR = YES;
				GCC_WARN_UNINITIALIZED_AUTOS = YES_AGGRESSIVE;
				GCC_WARN_UNUSED_FUNCTION = YES;
				GCC_WARN_UNUSED_VARIABLE = YES;
				IPHONEOS_DEPLOYMENT_TARGET = 9.2;
				MTL_ENABLE_DEBUG_INFO = YES;
				ONLY_ACTIVE_ARCH = YES;
				SDKROOT = iphoneos;
			};
			name = Debug;
		};
		D9B6D5E01C1DC5F200506C5B /* Release */ = {
			isa = XCBuildConfiguration;
			buildSettings = {
				ALWAYS_SEARCH_USER_PATHS = NO;
				CLANG_CXX_LANGUAGE_STANDARD = "gnu++0x";
				CLANG_CXX_LIBRARY = "libc++";
				CLANG_ENABLE_MODULES = YES;
				CLANG_ENABLE_OBJC_ARC = YES;
				CLANG_WARN_BOOL_CONVERSION = YES;
				CLANG_WARN_CONSTANT_CONVERSION = YES;
				CLANG_WARN_DIRECT_OBJC_ISA_USAGE = YES_ERROR;
				CLANG_WARN_EMPTY_BODY = YES;
				CLANG_WARN_ENUM_CONVERSION = YES;
				CLANG_WARN_INT_CONVERSION = YES;
				CLANG_WARN_OBJC_ROOT_CLASS = YES_ERROR;
				CLANG_WARN_UNREACHABLE_CODE = YES;
				CLANG_WARN__DUPLICATE_METHOD_MATCH = YES;
				"CODE_SIGN_IDENTITY[sdk=iphoneos*]" = "iPhone Developer";
				COPY_PHASE_STRIP = NO;
				DEBUG_INFORMATION_FORMAT = "dwarf-with-dsym";
				ENABLE_NS_ASSERTIONS = NO;
				ENABLE_STRICT_OBJC_MSGSEND = YES;
				GCC_C_LANGUAGE_STANDARD = gnu99;
				GCC_NO_COMMON_BLOCKS = YES;
				GCC_WARN_64_TO_32_BIT_CONVERSION = YES;
				GCC_WARN_ABOUT_RETURN_TYPE = YES_ERROR;
				GCC_WARN_UNDECLARED_SELECTOR = YES;
				GCC_WARN_UNINITIALIZED_AUTOS = YES_AGGRESSIVE;
				GCC_WARN_UNUSED_FUNCTION = YES;
				GCC_WARN_UNUSED_VARIABLE = YES;
				IPHONEOS_DEPLOYMENT_TARGET = 9.2;
				MTL_ENABLE_DEBUG_INFO = NO;
				SDKROOT = iphoneos;
				VALIDATE_PRODUCT = YES;
			};
			name = Release;
		};
		D9B6D5E21C1DC5F200506C5B /* Debug */ = {
			isa = XCBuildConfiguration;
			buildSettings = {
				ASSETCATALOG_COMPILER_APPICON_NAME = AppIcon;
				INFOPLIST_FILE = AlarmPlusPlus/Info.plist;
				LD_RUNPATH_SEARCH_PATHS = "$(inherited) @executable_path/Frameworks";
				PRODUCT_BUNDLE_IDENTIFIER = com.marcneveling.AlarmPlusPlus;
				PRODUCT_NAME = "$(TARGET_NAME)";
			};
			name = Debug;
		};
		D9B6D5E31C1DC5F200506C5B /* Release */ = {
			isa = XCBuildConfiguration;
			buildSettings = {
				ASSETCATALOG_COMPILER_APPICON_NAME = AppIcon;
				INFOPLIST_FILE = AlarmPlusPlus/Info.plist;
				LD_RUNPATH_SEARCH_PATHS = "$(inherited) @executable_path/Frameworks";
				PRODUCT_BUNDLE_IDENTIFIER = com.marcneveling.AlarmPlusPlus;
				PRODUCT_NAME = "$(TARGET_NAME)";
			};
			name = Release;
		};
		D9B6D5E51C1DC5F200506C5B /* Debug */ = {
			isa = XCBuildConfiguration;
			buildSettings = {
				BUNDLE_LOADER = "$(TEST_HOST)";
				INFOPLIST_FILE = AlarmPlusPlusTests/Info.plist;
				LD_RUNPATH_SEARCH_PATHS = "$(inherited) @executable_path/Frameworks @loader_path/Frameworks";
				PRODUCT_BUNDLE_IDENTIFIER = com.marcneveling.AlarmPlusPlusTests;
				PRODUCT_NAME = "$(TARGET_NAME)";
				TEST_HOST = "$(BUILT_PRODUCTS_DIR)/AlarmPlusPlus.app/AlarmPlusPlus";
			};
			name = Debug;
		};
		D9B6D5E61C1DC5F200506C5B /* Release */ = {
			isa = XCBuildConfiguration;
			buildSettings = {
				BUNDLE_LOADER = "$(TEST_HOST)";
				INFOPLIST_FILE = AlarmPlusPlusTests/Info.plist;
				LD_RUNPATH_SEARCH_PATHS = "$(inherited) @executable_path/Frameworks @loader_path/Frameworks";
				PRODUCT_BUNDLE_IDENTIFIER = com.marcneveling.AlarmPlusPlusTests;
				PRODUCT_NAME = "$(TARGET_NAME)";
				TEST_HOST = "$(BUILT_PRODUCTS_DIR)/AlarmPlusPlus.app/AlarmPlusPlus";
			};
			name = Release;
		};
		D9B6D5E81C1DC5F200506C5B /* Debug */ = {
			isa = XCBuildConfiguration;
			buildSettings = {
				CODE_SIGN_IDENTITY = "iPhone Developer";
				INFOPLIST_FILE = AlarmPlusPlusUITests/Info.plist;
				LD_RUNPATH_SEARCH_PATHS = "$(inherited) @executable_path/Frameworks @loader_path/Frameworks";
				PRODUCT_BUNDLE_IDENTIFIER = com.marcneveling.AlarmPlusPlusUITests;
				PRODUCT_NAME = "$(TARGET_NAME)";
				TEST_TARGET_NAME = AlarmPlusPlus;
				USES_XCTRUNNER = YES;
			};
			name = Debug;
		};
		D9B6D5E91C1DC5F200506C5B /* Release */ = {
			isa = XCBuildConfiguration;
			buildSettings = {
				CODE_SIGN_IDENTITY = "iPhone Developer";
				INFOPLIST_FILE = AlarmPlusPlusUITests/Info.plist;
				LD_RUNPATH_SEARCH_PATHS = "$(inherited) @executable_path/Frameworks @loader_path/Frameworks";
				PRODUCT_BUNDLE_IDENTIFIER = com.marcneveling.AlarmPlusPlusUITests;
				PRODUCT_NAME = "$(TARGET_NAME)";
				TEST_TARGET_NAME = AlarmPlusPlus;
				USES_XCTRUNNER = YES;
			};
			name = Release;
		};
/* End XCBuildConfiguration section */

/* Begin XCConfigurationList section */
		D9B6D5AC1C1DC5F200506C5B /* Build configuration list for PBXProject "AlarmPlusPlus" */ = {
			isa = XCConfigurationList;
			buildConfigurations = (
				D9B6D5DF1C1DC5F200506C5B /* Debug */,
				D9B6D5E01C1DC5F200506C5B /* Release */,
			);
			defaultConfigurationIsVisible = 0;
			defaultConfigurationName = Release;
		};
		D9B6D5E11C1DC5F200506C5B /* Build configuration list for PBXNativeTarget "AlarmPlusPlus" */ = {
			isa = XCConfigurationList;
			buildConfigurations = (
				D9B6D5E21C1DC5F200506C5B /* Debug */,
				D9B6D5E31C1DC5F200506C5B /* Release */,
			);
			defaultConfigurationIsVisible = 0;
			defaultConfigurationName = Release;
		};
		D9B6D5E41C1DC5F200506C5B /* Build configuration list for PBXNativeTarget "AlarmPlusPlusTests" */ = {
			isa = XCConfigurationList;
			buildConfigurations = (
				D9B6D5E51C1DC5F200506C5B /* Debug */,
				D9B6D5E61C1DC5F200506C5B /* Release */,
			);
			defaultConfigurationIsVisible = 0;
			defaultConfigurationName = Release;
		};
		D9B6D5E71C1DC5F200506C5B /* Build configuration list for PBXNativeTarget "AlarmPlusPlusUITests" */ = {
			isa = XCConfigurationList;
			buildConfigurations = (
				D9B6D5E81C1DC5F200506C5B /* Debug */,
				D9B6D5E91C1DC5F200506C5B /* Release */,
			);
			defaultConfigurationIsVisible = 0;
			defaultConfigurationName = Release;
		};
/* End XCConfigurationList section */
	};
	rootObject = D9B6D5A91C1DC5F200506C5B /* Project object */;
}
